
Microsoft Visual Studio Solution File, Format Version 12.00
# Visual Studio Version 17
VisualStudioVersion = 17.0.31903.59
MinimumVisualStudioVersion = 10.0.40219.1
Project("{F2A71F9B-5D33-465A-A702-920D77279786}") = "cweed", "cweed\cweed.fsproj", "{30E0CF6F-3DFB-438B-8F0F-38E7666A2E1B}"
EndProject
Project("{F2A71F9B-5D33-465A-A702-920D77279786}") = "fsi_standalone", "fsi_standalone\fsi_standalone.fsproj", "{58C7EFCC-EDF6-4FB7-9B9F-FB5072431262}"
EndProject
Global
	GlobalSection(SolutionConfigurationPlatforms) = preSolution
		Debug|Any CPU = Debug|Any CPU
		Release|Any CPU = Release|Any CPU
	EndGlobalSection
	GlobalSection(SolutionProperties) = preSolution
		HideSolutionNode = FALSE
	EndGlobalSection
	GlobalSection(ProjectConfigurationPlatforms) = postSolution
		{30E0CF6F-3DFB-438B-8F0F-38E7666A2E1B}.Debug|Any CPU.ActiveCfg = Debug|Any CPU
		{30E0CF6F-3DFB-438B-8F0F-38E7666A2E1B}.Debug|Any CPU.Build.0 = Debug|Any CPU
		{30E0CF6F-3DFB-438B-8F0F-38E7666A2E1B}.Release|Any CPU.ActiveCfg = Release|Any CPU
		{30E0CF6F-3DFB-438B-8F0F-38E7666A2E1B}.Release|Any CPU.Build.0 = Release|Any CPU
		{58C7EFCC-EDF6-4FB7-9B9F-FB5072431262}.Debug|Any CPU.ActiveCfg = Debug|Any CPU
		{58C7EFCC-EDF6-4FB7-9B9F-FB5072431262}.Debug|Any CPU.Build.0 = Debug|Any CPU
		{58C7EFCC-EDF6-4FB7-9B9F-FB5072431262}.Release|Any CPU.ActiveCfg = Release|Any CPU
		{58C7EFCC-EDF6-4FB7-9B9F-FB5072431262}.Release|Any CPU.Build.0 = Release|Any CPU
	EndGlobalSection
EndGlobal
